// !$*UTF8*$!
{
	archiveVersion = 1;
	classes = {
	};
	objectVersion = 46;
	objects = {

/* Begin PBXBuildFile section */
		B333752E1ECBF94200115D83 /* main.m in Sources */ = {isa = PBXBuildFile; fileRef = B333752D1ECBF94200115D83 /* main.m */; };
		B33375311ECBF94200115D83 /* AppDelegate.m in Sources */ = {isa = PBXBuildFile; fileRef = B33375301ECBF94200115D83 /* AppDelegate.m */; };
		B33375341ECBF94200115D83 /* ViewController.m in Sources */ = {isa = PBXBuildFile; fileRef = B33375331ECBF94200115D83 /* ViewController.m */; };
		B33375371ECBF94200115D83 /* Main.storyboard in Resources */ = {isa = PBXBuildFile; fileRef = B33375351ECBF94200115D83 /* Main.storyboard */; };
		B33375391ECBF94200115D83 /* Assets.xcassets in Resources */ = {isa = PBXBuildFile; fileRef = B33375381ECBF94200115D83 /* Assets.xcassets */; };
		B333753C1ECBF94200115D83 /* LaunchScreen.storyboard in Resources */ = {isa = PBXBuildFile; fileRef = B333753A1ECBF94200115D83 /* LaunchScreen.storyboard */; };
		B33375461ECBFACF00115D83 /* LARefreshHeader.m in Sources */ = {isa = PBXBuildFile; fileRef = B33375451ECBFACF00115D83 /* LARefreshHeader.m */; };
		FE293D2326A9B6E10F78EB57 /* libPods-Demo.a in Frameworks */ = {isa = PBXBuildFile; fileRef = 8F06AF0BC8371E275940722A /* libPods-Demo.a */; };
/* End PBXBuildFile section */

/* Begin PBXFileReference section */
		8CD9211E874D5A9A9949B27B /* Pods-Demo.release.xcconfig */ = {isa = PBXFileReference; includeInIndex = 1; lastKnownFileType = text.xcconfig; name = "Pods-Demo.release.xcconfig"; path = "Pods/Target Support Files/Pods-Demo/Pods-Demo.release.xcconfig"; sourceTree = "<group>"; };
		8F06AF0BC8371E275940722A /* libPods-Demo.a */ = {isa = PBXFileReference; explicitFileType = archive.ar; includeInIndex = 0; path = "libPods-Demo.a"; sourceTree = BUILT_PRODUCTS_DIR; };
		B33375291ECBF94200115D83 /* Demo.app */ = {isa = PBXFileReference; explicitFileType = wrapper.application; includeInIndex = 0; path = Demo.app; sourceTree = BUILT_PRODUCTS_DIR; };
		B333752D1ECBF94200115D83 /* main.m */ = {isa = PBXFileReference; lastKnownFileType = sourcecode.c.objc; path = main.m; sourceTree = "<group>"; };
		B333752F1ECBF94200115D83 /* AppDelegate.h */ = {isa = PBXFileReference; lastKnownFileType = sourcecode.c.h; path = AppDelegate.h; sourceTree = "<group>"; };
		B33375301ECBF94200115D83 /* AppDelegate.m */ = {isa = PBXFileReference; lastKnownFileType = sourcecode.c.objc; path = AppDelegate.m; sourceTree = "<group>"; };
		B33375321ECBF94200115D83 /* ViewController.h */ = {isa = PBXFileReference; lastKnownFileType = sourcecode.c.h; path = ViewController.h; sourceTree = "<group>"; };
		B33375331ECBF94200115D83 /* ViewController.m */ = {isa = PBXFileReference; lastKnownFileType = sourcecode.c.objc; path = ViewController.m; sourceTree = "<group>"; };
		B33375361ECBF94200115D83 /* Base */ = {isa = PBXFileReference; lastKnownFileType = file.storyboard; name = Base; path = Base.lproj/Main.storyboard; sourceTree = "<group>"; };
		B33375381ECBF94200115D83 /* Assets.xcassets */ = {isa = PBXFileReference; lastKnownFileType = folder.assetcatalog; path = Assets.xcassets; sourceTree = "<group>"; };
		B333753B1ECBF94200115D83 /* Base */ = {isa = PBXFileReference; lastKnownFileType = file.storyboard; name = Base; path = Base.lproj/LaunchScreen.storyboard; sourceTree = "<group>"; };
		B333753D1ECBF94200115D83 /* Info.plist */ = {isa = PBXFileReference; lastKnownFileType = text.plist.xml; path = Info.plist; sourceTree = "<group>"; };
		B33375441ECBFACF00115D83 /* LARefreshHeader.h */ = {isa = PBXFileReference; fileEncoding = 4; lastKnownFileType = sourcecode.c.h; path = LARefreshHeader.h; sourceTree = "<group>"; };
		B33375451ECBFACF00115D83 /* LARefreshHeader.m */ = {isa = PBXFileReference; fileEncoding = 4; lastKnownFileType = sourcecode.c.objc; path = LARefreshHeader.m; sourceTree = "<group>"; };
		F53D812B880F1CAADB29AC2A /* Pods-Demo.debug.xcconfig */ = {isa = PBXFileReference; includeInIndex = 1; lastKnownFileType = text.xcconfig; name = "Pods-Demo.debug.xcconfig"; path = "Pods/Target Support Files/Pods-Demo/Pods-Demo.debug.xcconfig"; sourceTree = "<group>"; };
/* End PBXFileReference section */

/* Begin PBXFrameworksBuildPhase section */
		B33375261ECBF94200115D83 /* Frameworks */ = {
			isa = PBXFrameworksBuildPhase;
			buildActionMask = 2147483647;
			files = (
				FE293D2326A9B6E10F78EB57 /* libPods-Demo.a in Frameworks */,
			);
			runOnlyForDeploymentPostprocessing = 0;
		};
/* End PBXFrameworksBuildPhase section */

/* Begin PBXGroup section */
		049D27B26A155E8DABD25983 /* Frameworks */ = {
			isa = PBXGroup;
			children = (
				8F06AF0BC8371E275940722A /* libPods-Demo.a */,
			);
			name = Frameworks;
			sourceTree = "<group>";
		};
		408E3BC70A42FD5155627E04 /* Pods */ = {
			isa = PBXGroup;
			children = (
				F53D812B880F1CAADB29AC2A /* Pods-Demo.debug.xcconfig */,
				8CD9211E874D5A9A9949B27B /* Pods-Demo.release.xcconfig */,
			);
			name = Pods;
			sourceTree = "<group>";
		};
		B33375201ECBF94200115D83 = {
			isa = PBXGroup;
			children = (
				B333752B1ECBF94200115D83 /* Demo */,
				B333752A1ECBF94200115D83 /* Products */,
				408E3BC70A42FD5155627E04 /* Pods */,
				049D27B26A155E8DABD25983 /* Frameworks */,
			);
			sourceTree = "<group>";
		};
		B333752A1ECBF94200115D83 /* Products */ = {
			isa = PBXGroup;
			children = (
				B33375291ECBF94200115D83 /* Demo.app */,
			);
			name = Products;
			sourceTree = "<group>";
		};
		B333752B1ECBF94200115D83 /* Demo */ = {
			isa = PBXGroup;
			children = (
				B33375431ECBFACF00115D83 /* LARefresh */,
				B333752F1ECBF94200115D83 /* AppDelegate.h */,
				B33375301ECBF94200115D83 /* AppDelegate.m */,
				B33375321ECBF94200115D83 /* ViewController.h */,
				B33375331ECBF94200115D83 /* ViewController.m */,
				B33375351ECBF94200115D83 /* Main.storyboard */,
				B33375381ECBF94200115D83 /* Assets.xcassets */,
				B333753A1ECBF94200115D83 /* LaunchScreen.storyboard */,
				B333753D1ECBF94200115D83 /* Info.plist */,
				B333752C1ECBF94200115D83 /* Supporting Files */,
			);
			path = Demo;
			sourceTree = "<group>";
		};
		B333752C1ECBF94200115D83 /* Supporting Files */ = {
			isa = PBXGroup;
			children = (
				B333752D1ECBF94200115D83 /* main.m */,
			);
			name = "Supporting Files";
			sourceTree = "<group>";
		};
		B33375431ECBFACF00115D83 /* LARefresh */ = {
			isa = PBXGroup;
			children = (
				B33375441ECBFACF00115D83 /* LARefreshHeader.h */,
				B33375451ECBFACF00115D83 /* LARefreshHeader.m */,
			);
			path = LARefresh;
			sourceTree = "<group>";
		};
/* End PBXGroup section */

/* Begin PBXNativeTarget section */
		B33375281ECBF94200115D83 /* Demo */ = {
			isa = PBXNativeTarget;
			buildConfigurationList = B33375401ECBF94200115D83 /* Build configuration list for PBXNativeTarget "Demo" */;
			buildPhases = (
				9808B84481AF21B72B70A05E /* [CP] Check Pods Manifest.lock */,
				B33375251ECBF94200115D83 /* Sources */,
				B33375261ECBF94200115D83 /* Frameworks */,
				B33375271ECBF94200115D83 /* Resources */,
				610696F622347775DD4F2652 /* [CP] Embed Pods Frameworks */,
				431CC6191E69421FD2EA2EF3 /* [CP] Copy Pods Resources */,
			);
			buildRules = (
			);
			dependencies = (
			);
			name = Demo;
			productName = Demo;
			productReference = B33375291ECBF94200115D83 /* Demo.app */;
			productType = "com.apple.product-type.application";
		};
/* End PBXNativeTarget section */

/* Begin PBXProject section */
		B33375211ECBF94200115D83 /* Project object */ = {
			isa = PBXProject;
			attributes = {
				LastUpgradeCheck = 0800;
				ORGANIZATIONNAME = leo;
				TargetAttributes = {
					B33375281ECBF94200115D83 = {
						CreatedOnToolsVersion = 8.0;
						ProvisioningStyle = Automatic;
					};
				};
			};
			buildConfigurationList = B33375241ECBF94200115D83 /* Build configuration list for PBXProject "Demo" */;
			compatibilityVersion = "Xcode 3.2";
			developmentRegion = English;
			hasScannedForEncodings = 0;
			knownRegions = (
				en,
				Base,
			);
			mainGroup = B33375201ECBF94200115D83;
			productRefGroup = B333752A1ECBF94200115D83 /* Products */;
			projectDirPath = "";
			projectRoot = "";
			targets = (
				B33375281ECBF94200115D83 /* Demo */,
			);
		};
/* End PBXProject section */

/* Begin PBXResourcesBuildPhase section */
		B33375271ECBF94200115D83 /* Resources */ = {
			isa = PBXResourcesBuildPhase;
			buildActionMask = 2147483647;
			files = (
				B333753C1ECBF94200115D83 /* LaunchScreen.storyboard in Resources */,
				B33375391ECBF94200115D83 /* Assets.xcassets in Resources */,
				B33375371ECBF94200115D83 /* Main.storyboard in Resources */,
			);
			runOnlyForDeploymentPostprocessing = 0;
		};
/* End PBXResourcesBuildPhase section */

/* Begin PBXShellScriptBuildPhase section */
		431CC6191E69421FD2EA2EF3 /* [CP] Copy Pods Resources */ = {
			isa = PBXShellScriptBuildPhase;
			buildActionMask = 2147483647;
			files = (
			);
			inputPaths = (
			);
			name = "[CP] Copy Pods Resources";
			outputPaths = (
			);
			runOnlyForDeploymentPostprocessing = 0;
			shellPath = /bin/sh;
			shellScript = "\"${SRCROOT}/Pods/Target Support Files/Pods-Demo/Pods-Demo-resources.sh\"\n";
			showEnvVarsInLog = 0;
		};
		610696F622347775DD4F2652 /* [CP] Embed Pods Frameworks */ = {
			isa = PBXShellScriptBuildPhase;
			buildActionMask = 2147483647;
			files = (
			);
			inputPaths = (
			);
			name = "[CP] Embed Pods Frameworks";
			outputPaths = (
			);
			runOnlyForDeploymentPostprocessing = 0;
			shellPath = /bin/sh;
			shellScript = "\"${SRCROOT}/Pods/Target Support Files/Pods-Demo/Pods-Demo-frameworks.sh\"\n";
			showEnvVarsInLog = 0;
		};
		9808B84481AF21B72B70A05E /* [CP] Check Pods Manifest.lock */ = {
			isa = PBXShellScriptBuildPhase;
			buildActionMask = 2147483647;
			files = (
			);
			inputPaths = (
			);
			name = "[CP] Check Pods Manifest.lock";
			outputPaths = (
			);
			runOnlyForDeploymentPostprocessing = 0;
			shellPath = /bin/sh;
			shellScript = "diff \"${PODS_ROOT}/../Podfile.lock\" \"${PODS_ROOT}/Manifest.lock\" > /dev/null\nif [ $? != 0 ] ; then\n    # print error to STDERR\n    echo \"error: The sandbox is not in sync with the Podfile.lock. Run 'pod install' or update your CocoaPods installation.\" >&2\n    exit 1\nfi\n";
			showEnvVarsInLog = 0;
		};
/* End PBXShellScriptBuildPhase section */

/* Begin PBXSourcesBuildPhase section */
		B33375251ECBF94200115D83 /* Sources */ = {
			isa = PBXSourcesBuildPhase;
			buildActionMask = 2147483647;
			files = (
				B33375341ECBF94200115D83 /* ViewController.m in Sources */,
				B33375461ECBFACF00115D83 /* LARefreshHeader.m in Sources */,
				B33375311ECBF94200115D83 /* AppDelegate.m in Sources */,
				B333752E1ECBF94200115D83 /* main.m in Sources */,
			);
			runOnlyForDeploymentPostprocessing = 0;
		};
/* End PBXSourcesBuildPhase section */

/* Begin PBXVariantGroup section */
		B33375351ECBF94200115D83 /* Main.storyboard */ = {
			isa = PBXVariantGroup;
			children = (
				B33375361ECBF94200115D83 /* Base */,
			);
			name = Main.storyboard;
			sourceTree = "<group>";
		};
		B333753A1ECBF94200115D83 /* LaunchScreen.storyboard */ = {
			isa = PBXVariantGroup;
			children = (
				B333753B1ECBF94200115D83 /* Base */,
			);
			name = LaunchScreen.storyboard;
			sourceTree = "<group>";
		};
/* End PBXVariantGroup section */

/* Begin XCBuildConfiguration section */
		B333753E1ECBF94200115D83 /* Debug */ = {
			isa = XCBuildConfiguration;
			buildSettings = {
				ALWAYS_SEARCH_USER_PATHS = NO;
				CLANG_ANALYZER_NONNULL = YES;
				CLANG_CXX_LANGUAGE_STANDARD = "gnu++0x";
				CLANG_CXX_LIBRARY = "libc++";
				CLANG_ENABLE_MODULES = YES;
				CLANG_ENABLE_OBJC_ARC = YES;
				CLANG_WARN_BOOL_CONVERSION = YES;
				CLANG_WARN_CONSTANT_CONVERSION = YES;
				CLANG_WARN_DIRECT_OBJC_ISA_USAGE = YES_ERROR;
				CLANG_WARN_DOCUMENTATION_COMMENTS = YES;
				CLANG_WARN_EMPTY_BODY = YES;
				CLANG_WARN_ENUM_CONVERSION = YES;
				CLANG_WARN_INFINITE_RECURSION = YES;
				CLANG_WARN_INT_CONVERSION = YES;
				CLANG_WARN_OBJC_ROOT_CLASS = YES_ERROR;
				CLANG_WARN_SUSPICIOUS_MOVES = YES;
				CLANG_WARN_UNREACHABLE_CODE = YES;
				CLANG_WARN__DUPLICATE_METHOD_MATCH = YES;
				"CODE_SIGN_IDENTITY[sdk=iphoneos*]" = "iPhone Developer";
				COPY_PHASE_STRIP = NO;
				DEBUG_INFORMATION_FORMAT = dwarf;
				ENABLE_STRICT_OBJC_MSGSEND = YES;
				ENABLE_TESTABILITY = YES;
				GCC_C_LANGUAGE_STANDARD = gnu99;
				GCC_DYNAMIC_NO_PIC = NO;
				GCC_NO_COMMON_BLOCKS = YES;
				GCC_OPTIMIZATION_LEVEL = 0;
				GCC_PREPROCESSOR_DEFINITIONS = (
					"DEBUG=1",
					"$(inherited)",
				);
				GCC_WARN_64_TO_32_BIT_CONVERSION = YES;
				GCC_WARN_ABOUT_RETURN_TYPE = YES_ERROR;
				GCC_WARN_UNDECLARED_SELECTOR = YES;
				GCC_WARN_UNINITIALIZED_AUTOS = YES_AGGRESSIVE;
				GCC_WARN_UNUSED_FUNCTION = YES;
				GCC_WARN_UNUSED_VARIABLE = YES;
				IPHONEOS_DEPLOYMENT_TARGET = 10.0;
				MTL_ENABLE_DEBUG_INFO = YES;
				ONLY_ACTIVE_ARCH = YES;
				SDKROOT = iphoneos;
			};
			name = Debug;
		};
		B333753F1ECBF94200115D83 /* Release */ = {
			isa = XCBuildConfiguration;
			buildSettings = {
				ALWAYS_SEARCH_USER_PATHS = NO;
				CLANG_ANALYZER_NONNULL = YES;
				CLANG_CXX_LANGUAGE_STANDARD = "gnu++0x";
				CLANG_CXX_LIBRARY = "libc++";
				CLANG_ENABLE_MODULES = YES;
				CLANG_ENABLE_OBJC_ARC = YES;
				CLANG_WARN_BOOL_CONVERSION = YES;
				CLANG_WARN_CONSTANT_CONVERSION = YES;
				CLANG_WARN_DIRECT_OBJC_ISA_USAGE = YES_ERROR;
				CLANG_WARN_DOCUMENTATION_COMMENTS = YES;
				CLANG_WARN_EMPTY_BODY = YES;
				CLANG_WARN_ENUM_CONVERSION = YES;
				CLANG_WARN_INFINITE_RECURSION = YES;
				CLANG_WARN_INT_CONVERSION = YES;
				CLANG_WARN_OBJC_ROOT_CLASS = YES_ERROR;
				CLANG_WARN_SUSPICIOUS_MOVES = YES;
				CLANG_WARN_UNREACHABLE_CODE = YES;
				CLANG_WARN__DUPLICATE_METHOD_MATCH = YES;
				"CODE_SIGN_IDENTITY[sdk=iphoneos*]" = "iPhone Developer";
				COPY_PHASE_STRIP = NO;
				DEBUG_INFORMATION_FORMAT = "dwarf-with-dsym";
				ENABLE_NS_ASSERTIONS = NO;
				ENABLE_STRICT_OBJC_MSGSEND = YES;
				GCC_C_LANGUAGE_STANDARD = gnu99;
				GCC_NO_COMMON_BLOCKS = YES;
				GCC_WARN_64_TO_32_BIT_CONVERSION = YES;
				GCC_WARN_ABOUT_RETURN_TYPE = YES_ERROR;
				GCC_WARN_UNDECLARED_SELECTOR = YES;
				GCC_WARN_UNINITIALIZED_AUTOS = YES_AGGRESSIVE;
				GCC_WARN_UNUSED_FUNCTION = YES;
				GCC_WARN_UNUSED_VARIABLE = YES;
				IPHONEOS_DEPLOYMENT_TARGET = 10.0;
				MTL_ENABLE_DEBUG_INFO = NO;
				SDKROOT = iphoneos;
				VALIDATE_PRODUCT = YES;
			};
			name = Release;
		};
		B33375411ECBF94200115D83 /* Debug */ = {
			isa = XCBuildConfiguration;
			baseConfigurationReference = F53D812B880F1CAADB29AC2A /* Pods-Demo.debug.xcconfig */;
			buildSettings = {
				ASSETCATALOG_COMPILER_APPICON_NAME = AppIcon;
				INFOPLIST_FILE = Demo/Info.plist;
				LD_RUNPATH_SEARCH_PATHS = "$(inherited) @executable_path/Frameworks";
				PRODUCT_BUNDLE_IDENTIFIER = bb.Demo;
				PRODUCT_NAME = "$(TARGET_NAME)";
			};
			name = Debug;
		};
		B33375421ECBF94200115D83 /* Release */ = {
			isa = XCBuildConfiguration;
			baseConfigurationReference = 8CD9211E874D5A9A9949B27B /* Pods-Demo.release.xcconfig */;
			buildSettings = {
				ASSETCATALOG_COMPILER_APPICON_NAME = AppIcon;
				INFOPLIST_FILE = Demo/Info.plist;
				LD_RUNPATH_SEARCH_PATHS = "$(inherited) @executable_path/Frameworks";
				PRODUCT_BUNDLE_IDENTIFIER = bb.Demo;
				PRODUCT_NAME = "$(TARGET_NAME)";
			};
			name = Release;
		};
/* End XCBuildConfiguration section */

/* Begin XCConfigurationList section */
		B33375241ECBF94200115D83 /* Build configuration list for PBXProject "Demo" */ = {
			isa = XCConfigurationList;
			buildConfigurations = (
				B333753E1ECBF94200115D83 /* Debug */,
				B333753F1ECBF94200115D83 /* Release */,
			);
			defaultConfigurationIsVisible = 0;
			defaultConfigurationName = Release;
		};
		B33375401ECBF94200115D83 /* Build configuration list for PBXNativeTarget "Demo" */ = {
			isa = XCConfigurationList;
			buildConfigurations = (
				B33375411ECBF94200115D83 /* Debug */,
				B33375421ECBF94200115D83 /* Release */,
			);
			defaultConfigurationIsVisible = 0;
		};
/* End XCConfigurationList section */
	};
	rootObject = B33375211ECBF94200115D83 /* Project object */;
}
